<?xml version="1.0" encoding="utf-8"?>
<Project ToolsVersion="4.0" xmlns="http://schemas.microsoft.com/developer/msbuild/2003">
  <ItemGroup>
    <ClCompile Include="C:\Users\Tim\Desktop\CG\A_03_Task 1 Package\exercises\opengl\Math.cpp">
      <Filter>Source Files</Filter>
    </ClCompile>
    <ClCompile Include="C:\Users\Tim\Desktop\CG\A_03_Task 1 Package\exercises\opengl\RaytracerWindow.cpp">
      <Filter>Source Files</Filter>
    </ClCompile>
  </ItemGroup>
  <ItemGroup>
    <ClInclude Include="C:\Users\Tim\Desktop\CG\A_03_Task 1 Package\exercises\opengl\Math.hpp">
      <Filter>Header Files</Filter>
    </ClInclude>
    <ClInclude Include="C:\Users\Tim\Desktop\CG\A_03_Task 1 Package\exercises\opengl\OpenGL.hpp">
      <Filter>Header Files</Filter>
    </ClInclude>
    <ClInclude Include="C:\Users\Tim\Desktop\CG\A_03_Task 1 Package\exercises\opengl\openglConfig.hpp">
      <Filter>Header Files</Filter>
    </ClInclude>
    <ClInclude Include="C:\Users\Tim\Desktop\CG\A_03_Task 1 Package\exercises\opengl\RaytracerWindow.hpp">
      <Filter>Header Files</Filter>
    </ClInclude>
  </ItemGroup>
  <ItemGroup>
    <CustomBuild Include="C:\Users\Tim\Desktop\CG\A_03_Task 1 Package\exercises\opengl\CMakeLists.txt" />
  </ItemGroup>
  <ItemGroup>
    <Filter Include="Source Files">
      <UniqueIdentifier>{5756FAE8-A015-43CA-A644-1F82B0EF7DDC}</UniqueIdentifier>
    </Filter>
    <Filter Include="Header Files">
      <UniqueIdentifier>{21ED5FD7-4672-4492-9DD4-F0FE4CBEFD37}</UniqueIdentifier>
    </Filter>
  </ItemGroup>
</Project>
