<?xml version="1.0" encoding="utf-8"?>
<Project ToolsVersion="4.0" xmlns="http://schemas.microsoft.com/developer/msbuild/2003">
  <ItemGroup>
    <CustomBuild Include="C:\Users\Tim\Desktop\CG\A_03_Task 1 Package\CMakeLists.txt" />
    <CustomBuild Include="CMakeFiles\b024b2bd9d8bd0050a6a2de8a15c2e3a\ALL_BUILD.rule">
      <Filter>CMake Rules</Filter>
    </CustomBuild>
  </ItemGroup>
  <ItemGroup>
    <None Include="CMakeFiles\ALL_BUILD" />
  </ItemGroup>
  <ItemGroup>
    <Filter Include="CMake Rules">
      <UniqueIdentifier>{912C5E30-5743-4A6D-8EE0-DB1E662C2D06}</UniqueIdentifier>
    </Filter>
  </ItemGroup>
</Project>
