Microsoft Visual Studio Solution File, Format Version 12.00
# Visual Studio 11
Project("{8BC9CEB8-8B4A-11D0-8D11-00A0C91BC942}") = "ALL_BUILD", "ALL_BUILD.vcxproj", "{102F1AC6-EBE3-499A-868F-388999FAE7B1}"
	ProjectSection(ProjectDependencies) = postProject
		{24CABEA6-A78E-48BC-BBA1-AAE61E6ECBA1} = {24CABEA6-A78E-48BC-BBA1-AAE61E6ECBA1}
		{4157B4CA-AA28-47D7-B0D0-DC85A090BE0F} = {4157B4CA-AA28-47D7-B0D0-DC85A090BE0F}
		{0637B65E-C281-4065-8F2F-3B82F09EE558} = {0637B65E-C281-4065-8F2F-3B82F09EE558}
		{D0BC075D-DBC9-4FD6-8552-314555BDF364} = {D0BC075D-DBC9-4FD6-8552-314555BDF364}
		{296D46C2-3BD0-450F-AAA0-93C6AD553105} = {296D46C2-3BD0-450F-AAA0-93C6AD553105}
		{B43D0BED-02AC-4DA5-98A5-7EE0ABB7BA0A} = {B43D0BED-02AC-4DA5-98A5-7EE0ABB7BA0A}
		{0036CB50-A3DE-4E38-BC69-E0ECC9275284} = {0036CB50-A3DE-4E38-BC69-E0ECC9275284}
		{CD21E77C-219E-4315-B074-1F52B3FD5BD4} = {CD21E77C-219E-4315-B074-1F52B3FD5BD4}
		{FC5DE0FD-C67D-4E61-924D-7B0FD630FD21} = {FC5DE0FD-C67D-4E61-924D-7B0FD630FD21}
		{5CFB09F5-15CE-4ED3-B448-D4B42E9E6F37} = {5CFB09F5-15CE-4ED3-B448-D4B42E9E6F37}
	EndProjectSection
EndProject
Project("{8BC9CEB8-8B4A-11D0-8D11-00A0C91BC942}") = "ZERO_CHECK", "ZERO_CHECK.vcxproj", "{24CABEA6-A78E-48BC-BBA1-AAE61E6ECBA1}"
	ProjectSection(ProjectDependencies) = postProject
	EndProjectSection
EndProject
Project("{8BC9CEB8-8B4A-11D0-8D11-00A0C91BC942}") = "example_animals", "exercises\example_animals\example_animals.vcxproj", "{4157B4CA-AA28-47D7-B0D0-DC85A090BE0F}"
	ProjectSection(ProjectDependencies) = postProject
		{24CABEA6-A78E-48BC-BBA1-AAE61E6ECBA1} = {24CABEA6-A78E-48BC-BBA1-AAE61E6ECBA1}
	EndProjectSection
EndProject
Project("{8BC9CEB8-8B4A-11D0-8D11-00A0C91BC942}") = "example_hello_world", "exercises\example_hello_world\example_hello_world.vcxproj", "{0637B65E-C281-4065-8F2F-3B82F09EE558}"
	ProjectSection(ProjectDependencies) = postProject
		{24CABEA6-A78E-48BC-BBA1-AAE61E6ECBA1} = {24CABEA6-A78E-48BC-BBA1-AAE61E6ECBA1}
	EndProjectSection
EndProject
Project("{8BC9CEB8-8B4A-11D0-8D11-00A0C91BC942}") = "example_memory_fun", "exercises\example_memory_fun\example_memory_fun.vcxproj", "{D0BC075D-DBC9-4FD6-8552-314555BDF364}"
	ProjectSection(ProjectDependencies) = postProject
		{24CABEA6-A78E-48BC-BBA1-AAE61E6ECBA1} = {24CABEA6-A78E-48BC-BBA1-AAE61E6ECBA1}
	EndProjectSection
EndProject
Project("{8BC9CEB8-8B4A-11D0-8D11-00A0C91BC942}") = "glew", "depend\glew-1.10.0\glew.vcxproj", "{296D46C2-3BD0-450F-AAA0-93C6AD553105}"
	ProjectSection(ProjectDependencies) = postProject
		{24CABEA6-A78E-48BC-BBA1-AAE61E6ECBA1} = {24CABEA6-A78E-48BC-BBA1-AAE61E6ECBA1}
	EndProjectSection
EndProject
Project("{8BC9CEB8-8B4A-11D0-8D11-00A0C91BC942}") = "glfw", "depend\GLFW-3.0.4\src\glfw.vcxproj", "{B43D0BED-02AC-4DA5-98A5-7EE0ABB7BA0A}"
	ProjectSection(ProjectDependencies) = postProject
		{24CABEA6-A78E-48BC-BBA1-AAE61E6ECBA1} = {24CABEA6-A78E-48BC-BBA1-AAE61E6ECBA1}
	EndProjectSection
EndProject
Project("{8BC9CEB8-8B4A-11D0-8D11-00A0C91BC942}") = "opengl", "exercises\opengl\opengl.vcxproj", "{0036CB50-A3DE-4E38-BC69-E0ECC9275284}"
	ProjectSection(ProjectDependencies) = postProject
		{24CABEA6-A78E-48BC-BBA1-AAE61E6ECBA1} = {24CABEA6-A78E-48BC-BBA1-AAE61E6ECBA1}
		{296D46C2-3BD0-450F-AAA0-93C6AD553105} = {296D46C2-3BD0-450F-AAA0-93C6AD553105}
		{B43D0BED-02AC-4DA5-98A5-7EE0ABB7BA0A} = {B43D0BED-02AC-4DA5-98A5-7EE0ABB7BA0A}
		{CD21E77C-219E-4315-B074-1F52B3FD5BD4} = {CD21E77C-219E-4315-B074-1F52B3FD5BD4}
	EndProjectSection
EndProject
Project("{8BC9CEB8-8B4A-11D0-8D11-00A0C91BC942}") = "raytracer", "exercises\raytracer\raytracer.vcxproj", "{CD21E77C-219E-4315-B074-1F52B3FD5BD4}"
	ProjectSection(ProjectDependencies) = postProject
		{24CABEA6-A78E-48BC-BBA1-AAE61E6ECBA1} = {24CABEA6-A78E-48BC-BBA1-AAE61E6ECBA1}
	EndProjectSection
EndProject
Project("{8BC9CEB8-8B4A-11D0-8D11-00A0C91BC942}") = "raytracer_task1", "exercises\raytracer_task1\raytracer_task1.vcxproj", "{FC5DE0FD-C67D-4E61-924D-7B0FD630FD21}"
	ProjectSection(ProjectDependencies) = postProject
		{24CABEA6-A78E-48BC-BBA1-AAE61E6ECBA1} = {24CABEA6-A78E-48BC-BBA1-AAE61E6ECBA1}
		{296D46C2-3BD0-450F-AAA0-93C6AD553105} = {296D46C2-3BD0-450F-AAA0-93C6AD553105}
		{B43D0BED-02AC-4DA5-98A5-7EE0ABB7BA0A} = {B43D0BED-02AC-4DA5-98A5-7EE0ABB7BA0A}
		{0036CB50-A3DE-4E38-BC69-E0ECC9275284} = {0036CB50-A3DE-4E38-BC69-E0ECC9275284}
		{CD21E77C-219E-4315-B074-1F52B3FD5BD4} = {CD21E77C-219E-4315-B074-1F52B3FD5BD4}
	EndProjectSection
EndProject
Project("{8BC9CEB8-8B4A-11D0-8D11-00A0C91BC942}") = "raytracer_test", "exercises\raytracer_test\raytracer_test.vcxproj", "{5CFB09F5-15CE-4ED3-B448-D4B42E9E6F37}"
	ProjectSection(ProjectDependencies) = postProject
		{24CABEA6-A78E-48BC-BBA1-AAE61E6ECBA1} = {24CABEA6-A78E-48BC-BBA1-AAE61E6ECBA1}
		{296D46C2-3BD0-450F-AAA0-93C6AD553105} = {296D46C2-3BD0-450F-AAA0-93C6AD553105}
		{B43D0BED-02AC-4DA5-98A5-7EE0ABB7BA0A} = {B43D0BED-02AC-4DA5-98A5-7EE0ABB7BA0A}
		{0036CB50-A3DE-4E38-BC69-E0ECC9275284} = {0036CB50-A3DE-4E38-BC69-E0ECC9275284}
		{CD21E77C-219E-4315-B074-1F52B3FD5BD4} = {CD21E77C-219E-4315-B074-1F52B3FD5BD4}
	EndProjectSection
EndProject
Global
	GlobalSection(SolutionConfigurationPlatforms) = preSolution
		Debug|Win32 = Debug|Win32
		Release|Win32 = Release|Win32
		MinSizeRel|Win32 = MinSizeRel|Win32
		RelWithDebInfo|Win32 = RelWithDebInfo|Win32
	EndGlobalSection
	GlobalSection(ProjectConfigurationPlatforms) = postSolution
		{102F1AC6-EBE3-499A-868F-388999FAE7B1}.Debug|Win32.ActiveCfg = Debug|Win32
		{102F1AC6-EBE3-499A-868F-388999FAE7B1}.Release|Win32.ActiveCfg = Release|Win32
		{102F1AC6-EBE3-499A-868F-388999FAE7B1}.MinSizeRel|Win32.ActiveCfg = MinSizeRel|Win32
		{102F1AC6-EBE3-499A-868F-388999FAE7B1}.RelWithDebInfo|Win32.ActiveCfg = RelWithDebInfo|Win32
		{24CABEA6-A78E-48BC-BBA1-AAE61E6ECBA1}.Debug|Win32.ActiveCfg = Debug|Win32
		{24CABEA6-A78E-48BC-BBA1-AAE61E6ECBA1}.Debug|Win32.Build.0 = Debug|Win32
		{24CABEA6-A78E-48BC-BBA1-AAE61E6ECBA1}.Release|Win32.ActiveCfg = Release|Win32
		{24CABEA6-A78E-48BC-BBA1-AAE61E6ECBA1}.Release|Win32.Build.0 = Release|Win32
		{24CABEA6-A78E-48BC-BBA1-AAE61E6ECBA1}.MinSizeRel|Win32.ActiveCfg = MinSizeRel|Win32
		{24CABEA6-A78E-48BC-BBA1-AAE61E6ECBA1}.MinSizeRel|Win32.Build.0 = MinSizeRel|Win32
		{24CABEA6-A78E-48BC-BBA1-AAE61E6ECBA1}.RelWithDebInfo|Win32.ActiveCfg = RelWithDebInfo|Win32
		{24CABEA6-A78E-48BC-BBA1-AAE61E6ECBA1}.RelWithDebInfo|Win32.Build.0 = RelWithDebInfo|Win32
		{4157B4CA-AA28-47D7-B0D0-DC85A090BE0F}.Debug|Win32.ActiveCfg = Debug|Win32
		{4157B4CA-AA28-47D7-B0D0-DC85A090BE0F}.Debug|Win32.Build.0 = Debug|Win32
		{4157B4CA-AA28-47D7-B0D0-DC85A090BE0F}.Release|Win32.ActiveCfg = Release|Win32
		{4157B4CA-AA28-47D7-B0D0-DC85A090BE0F}.Release|Win32.Build.0 = Release|Win32
		{4157B4CA-AA28-47D7-B0D0-DC85A090BE0F}.MinSizeRel|Win32.ActiveCfg = MinSizeRel|Win32
		{4157B4CA-AA28-47D7-B0D0-DC85A090BE0F}.MinSizeRel|Win32.Build.0 = MinSizeRel|Win32
		{4157B4CA-AA28-47D7-B0D0-DC85A090BE0F}.RelWithDebInfo|Win32.ActiveCfg = RelWithDebInfo|Win32
		{4157B4CA-AA28-47D7-B0D0-DC85A090BE0F}.RelWithDebInfo|Win32.Build.0 = RelWithDebInfo|Win32
		{0637B65E-C281-4065-8F2F-3B82F09EE558}.Debug|Win32.ActiveCfg = Debug|Win32
		{0637B65E-C281-4065-8F2F-3B82F09EE558}.Debug|Win32.Build.0 = Debug|Win32
		{0637B65E-C281-4065-8F2F-3B82F09EE558}.Release|Win32.ActiveCfg = Release|Win32
		{0637B65E-C281-4065-8F2F-3B82F09EE558}.Release|Win32.Build.0 = Release|Win32
		{0637B65E-C281-4065-8F2F-3B82F09EE558}.MinSizeRel|Win32.ActiveCfg = MinSizeRel|Win32
		{0637B65E-C281-4065-8F2F-3B82F09EE558}.MinSizeRel|Win32.Build.0 = MinSizeRel|Win32
		{0637B65E-C281-4065-8F2F-3B82F09EE558}.RelWithDebInfo|Win32.ActiveCfg = RelWithDebInfo|Win32
		{0637B65E-C281-4065-8F2F-3B82F09EE558}.RelWithDebInfo|Win32.Build.0 = RelWithDebInfo|Win32
		{D0BC075D-DBC9-4FD6-8552-314555BDF364}.Debug|Win32.ActiveCfg = Debug|Win32
		{D0BC075D-DBC9-4FD6-8552-314555BDF364}.Debug|Win32.Build.0 = Debug|Win32
		{D0BC075D-DBC9-4FD6-8552-314555BDF364}.Release|Win32.ActiveCfg = Release|Win32
		{D0BC075D-DBC9-4FD6-8552-314555BDF364}.Release|Win32.Build.0 = Release|Win32
		{D0BC075D-DBC9-4FD6-8552-314555BDF364}.MinSizeRel|Win32.ActiveCfg = MinSizeRel|Win32
		{D0BC075D-DBC9-4FD6-8552-314555BDF364}.MinSizeRel|Win32.Build.0 = MinSizeRel|Win32
		{D0BC075D-DBC9-4FD6-8552-314555BDF364}.RelWithDebInfo|Win32.ActiveCfg = RelWithDebInfo|Win32
		{D0BC075D-DBC9-4FD6-8552-314555BDF364}.RelWithDebInfo|Win32.Build.0 = RelWithDebInfo|Win32
		{296D46C2-3BD0-450F-AAA0-93C6AD553105}.Debug|Win32.ActiveCfg = Debug|Win32
		{296D46C2-3BD0-450F-AAA0-93C6AD553105}.Debug|Win32.Build.0 = Debug|Win32
		{296D46C2-3BD0-450F-AAA0-93C6AD553105}.Release|Win32.ActiveCfg = Release|Win32
		{296D46C2-3BD0-450F-AAA0-93C6AD553105}.Release|Win32.Build.0 = Release|Win32
		{296D46C2-3BD0-450F-AAA0-93C6AD553105}.MinSizeRel|Win32.ActiveCfg = MinSizeRel|Win32
		{296D46C2-3BD0-450F-AAA0-93C6AD553105}.MinSizeRel|Win32.Build.0 = MinSizeRel|Win32
		{296D46C2-3BD0-450F-AAA0-93C6AD553105}.RelWithDebInfo|Win32.ActiveCfg = RelWithDebInfo|Win32
		{296D46C2-3BD0-450F-AAA0-93C6AD553105}.RelWithDebInfo|Win32.Build.0 = RelWithDebInfo|Win32
		{B43D0BED-02AC-4DA5-98A5-7EE0ABB7BA0A}.Debug|Win32.ActiveCfg = Debug|Win32
		{B43D0BED-02AC-4DA5-98A5-7EE0ABB7BA0A}.Debug|Win32.Build.0 = Debug|Win32
		{B43D0BED-02AC-4DA5-98A5-7EE0ABB7BA0A}.Release|Win32.ActiveCfg = Release|Win32
		{B43D0BED-02AC-4DA5-98A5-7EE0ABB7BA0A}.Release|Win32.Build.0 = Release|Win32
		{B43D0BED-02AC-4DA5-98A5-7EE0ABB7BA0A}.MinSizeRel|Win32.ActiveCfg = MinSizeRel|Win32
		{B43D0BED-02AC-4DA5-98A5-7EE0ABB7BA0A}.MinSizeRel|Win32.Build.0 = MinSizeRel|Win32
		{B43D0BED-02AC-4DA5-98A5-7EE0ABB7BA0A}.RelWithDebInfo|Win32.ActiveCfg = RelWithDebInfo|Win32
		{B43D0BED-02AC-4DA5-98A5-7EE0ABB7BA0A}.RelWithDebInfo|Win32.Build.0 = RelWithDebInfo|Win32
		{0036CB50-A3DE-4E38-BC69-E0ECC9275284}.Debug|Win32.ActiveCfg = Debug|Win32
		{0036CB50-A3DE-4E38-BC69-E0ECC9275284}.Debug|Win32.Build.0 = Debug|Win32
		{0036CB50-A3DE-4E38-BC69-E0ECC9275284}.Release|Win32.ActiveCfg = Release|Win32
		{0036CB50-A3DE-4E38-BC69-E0ECC9275284}.Release|Win32.Build.0 = Release|Win32
		{0036CB50-A3DE-4E38-BC69-E0ECC9275284}.MinSizeRel|Win32.ActiveCfg = MinSizeRel|Win32
		{0036CB50-A3DE-4E38-BC69-E0ECC9275284}.MinSizeRel|Win32.Build.0 = MinSizeRel|Win32
		{0036CB50-A3DE-4E38-BC69-E0ECC9275284}.RelWithDebInfo|Win32.ActiveCfg = RelWithDebInfo|Win32
		{0036CB50-A3DE-4E38-BC69-E0ECC9275284}.RelWithDebInfo|Win32.Build.0 = RelWithDebInfo|Win32
		{CD21E77C-219E-4315-B074-1F52B3FD5BD4}.Debug|Win32.ActiveCfg = Debug|Win32
		{CD21E77C-219E-4315-B074-1F52B3FD5BD4}.Debug|Win32.Build.0 = Debug|Win32
		{CD21E77C-219E-4315-B074-1F52B3FD5BD4}.Release|Win32.ActiveCfg = Release|Win32
		{CD21E77C-219E-4315-B074-1F52B3FD5BD4}.Release|Win32.Build.0 = Release|Win32
		{CD21E77C-219E-4315-B074-1F52B3FD5BD4}.MinSizeRel|Win32.ActiveCfg = MinSizeRel|Win32
		{CD21E77C-219E-4315-B074-1F52B3FD5BD4}.MinSizeRel|Win32.Build.0 = MinSizeRel|Win32
		{CD21E77C-219E-4315-B074-1F52B3FD5BD4}.RelWithDebInfo|Win32.ActiveCfg = RelWithDebInfo|Win32
		{CD21E77C-219E-4315-B074-1F52B3FD5BD4}.RelWithDebInfo|Win32.Build.0 = RelWithDebInfo|Win32
		{FC5DE0FD-C67D-4E61-924D-7B0FD630FD21}.Debug|Win32.ActiveCfg = Debug|Win32
		{FC5DE0FD-C67D-4E61-924D-7B0FD630FD21}.Debug|Win32.Build.0 = Debug|Win32
		{FC5DE0FD-C67D-4E61-924D-7B0FD630FD21}.Release|Win32.ActiveCfg = Release|Win32
		{FC5DE0FD-C67D-4E61-924D-7B0FD630FD21}.Release|Win32.Build.0 = Release|Win32
		{FC5DE0FD-C67D-4E61-924D-7B0FD630FD21}.MinSizeRel|Win32.ActiveCfg = MinSizeRel|Win32
		{FC5DE0FD-C67D-4E61-924D-7B0FD630FD21}.MinSizeRel|Win32.Build.0 = MinSizeRel|Win32
		{FC5DE0FD-C67D-4E61-924D-7B0FD630FD21}.RelWithDebInfo|Win32.ActiveCfg = RelWithDebInfo|Win32
		{FC5DE0FD-C67D-4E61-924D-7B0FD630FD21}.RelWithDebInfo|Win32.Build.0 = RelWithDebInfo|Win32
		{5CFB09F5-15CE-4ED3-B448-D4B42E9E6F37}.Debug|Win32.ActiveCfg = Debug|Win32
		{5CFB09F5-15CE-4ED3-B448-D4B42E9E6F37}.Debug|Win32.Build.0 = Debug|Win32
		{5CFB09F5-15CE-4ED3-B448-D4B42E9E6F37}.Release|Win32.ActiveCfg = Release|Win32
		{5CFB09F5-15CE-4ED3-B448-D4B42E9E6F37}.Release|Win32.Build.0 = Release|Win32
		{5CFB09F5-15CE-4ED3-B448-D4B42E9E6F37}.MinSizeRel|Win32.ActiveCfg = MinSizeRel|Win32
		{5CFB09F5-15CE-4ED3-B448-D4B42E9E6F37}.MinSizeRel|Win32.Build.0 = MinSizeRel|Win32
		{5CFB09F5-15CE-4ED3-B448-D4B42E9E6F37}.RelWithDebInfo|Win32.ActiveCfg = RelWithDebInfo|Win32
		{5CFB09F5-15CE-4ED3-B448-D4B42E9E6F37}.RelWithDebInfo|Win32.Build.0 = RelWithDebInfo|Win32
	EndGlobalSection
	GlobalSection(ExtensibilityGlobals) = postSolution
	EndGlobalSection
	GlobalSection(ExtensibilityAddIns) = postSolution
	EndGlobalSection
EndGlobal
